
Microsoft Visual Studio Solution File, Format Version 12.00
Project("{FAE04EC0-301F-11D3-BF4B-00C04F79EFBC}") = "d06", "d06\d06.csproj", "{E68D37CE-58C8-4385-B6D5-AEEB82184178}"
EndProject
Global
	GlobalSection(SolutionConfigurationPlatforms) = preSolution
		Debug|Any CPU = Debug|Any CPU
		Release|Any CPU = Release|Any CPU
	EndGlobalSection
	GlobalSection(ProjectConfigurationPlatforms) = postSolution
		{E68D37CE-58C8-4385-B6D5-AEEB82184178}.Debug|Any CPU.ActiveCfg = Debug|Any CPU
		{E68D37CE-58C8-4385-B6D5-AEEB82184178}.Debug|Any CPU.Build.0 = Debug|Any CPU
		{E68D37CE-58C8-4385-B6D5-AEEB82184178}.Release|Any CPU.ActiveCfg = Release|Any CPU
		{E68D37CE-58C8-4385-B6D5-AEEB82184178}.Release|Any CPU.Build.0 = Release|Any CPU
	EndGlobalSection
EndGlobal
